
Microsoft Visual Studio Solution File, Format Version 12.00
# Visual Studio Version 17
VisualStudioVersion = 17.4.33205.214
MinimumVisualStudioVersion = 10.0.40219.1
Project("{888888A0-9F3D-457C-B088-3A5042F75D52}") = "Dskrmnnt", "Dskrmnnt.pyproj", "{75EBEAAF-A8A5-45C1-82B6-C68BD0E2F85E}"
EndProject
Global
	GlobalSection(SolutionConfigurationPlatforms) = preSolution
		Debug|Any CPU = Debug|Any CPU
		Release|Any CPU = Release|Any CPU
	EndGlobalSection
	GlobalSection(ProjectConfigurationPlatforms) = postSolution
		{75EBEAAF-A8A5-45C1-82B6-C68BD0E2F85E}.Debug|Any CPU.ActiveCfg = Debug|Any CPU
		{75EBEAAF-A8A5-45C1-82B6-C68BD0E2F85E}.Release|Any CPU.ActiveCfg = Release|Any CPU
	EndGlobalSection
	GlobalSection(SolutionProperties) = preSolution
		HideSolutionNode = FALSE
	EndGlobalSection
	GlobalSection(ExtensibilityGlobals) = postSolution
		SolutionGuid = {273CF36A-985E-438F-8804-FDD1F838F822}
	EndGlobalSection
EndGlobal
